
Microsoft Visual Studio Solution File, Format Version 12.00
# Visual Studio Version 17
VisualStudioVersion = 17.3.32901.215
MinimumVisualStudioVersion = 10.0.40219.1
Project("{2150E333-8FDC-42A3-9474-1A3956D46DE8}") = "Database", "Database", "{7122A0F2-D963-4FF2-A899-44463EA526B5}"
	ProjectSection(SolutionItems) = preProject
		Database\10amDealCutOff_ClosingBalance.sql = Database\10amDealCutOff_ClosingBalance.sql
		Database\AMSD_IF.sql = Database\AMSD_IF.sql
		Database\AMSD_IF_Item.sql = Database\AMSD_IF_Item.sql
		Database\App_Notification.sql = Database\App_Notification.sql
		Database\AspNetActiveDirectoryUsers.sql = Database\AspNetActiveDirectoryUsers.sql
		Database\AspNetAuth.sql = Database\AspNetAuth.sql
		Database\AspNet_Permissions.sql = Database\AspNet_Permissions.sql
		Database\AspNet_RolesPermission.sql = Database\AspNet_RolesPermission.sql
		Database\Audit_10AMDCO_ClosingBalance.sql = Database\Audit_10AMDCO_ClosingBalance.sql
		Database\Audit_Form.sql = Database\Audit_Form.sql
		Database\Audit_UserManagement.sql = Database\Audit_UserManagement.sql
		Database\Config_Application.sql = Database\Config_Application.sql
		Database\Config_Approver.sql = Database\Config_Approver.sql
		Database\Config_Dropdown.sql = Database\Config_Dropdown.sql
		Database\Config_FcaBankAccount.sql = Database\Config_FcaBankAccount.sql
		Database\Config_Key.sql = Database\Config_Key.sql
		Database\EDW_BankBalance.sql = Database\EDW_BankBalance.sql
		Database\EDW_TradeItem.sql = Database\EDW_TradeItem.sql
		Database\FID_Treasury.sql = Database\FID_Treasury.sql
		Database\FID_Treasury_Deposit.sql = Database\FID_Treasury_Deposit.sql
		Database\FID_Treasury_MMI.sql = Database\FID_Treasury_MMI.sql
		Database\FID_TS10.sql = Database\FID_TS10.sql
		Database\FID_TS10_Approval.sql = Database\FID_TS10_Approval.sql
		Database\FID_TS10_OpeningBalance.sql = Database\FID_TS10_OpeningBalance.sql
		Database\FID_TS10_TradeItem.sql = Database\FID_TS10_TradeItem.sql
		Database\Form_Workflow.sql = Database\Form_Workflow.sql
		Database\ISSD_Balance.sql = Database\ISSD_Balance.sql
		Database\ISSD_FormHeader.sql = Database\ISSD_FormHeader.sql
		Database\ISSD_TradeSettlement.sql = Database\ISSD_TradeSettlement.sql
		Database\Seed.sql = Database\Seed.sql
	EndProjectSection
EndProject
Project("{2150E333-8FDC-42A3-9474-1A3956D46DE8}") = "Libraries", "Libraries", "{288D30C0-C4F9-4D78-BD96-15D52D9FEB14}"
EndProject
Project("{2150E333-8FDC-42A3-9474-1A3956D46DE8}") = "Presentation", "Presentation", "{D82837EF-EEC1-4823-9684-DA51B9FDC489}"
EndProject
Project("{FAE04EC0-301F-11D3-BF4B-00C04F79EFBC}") = "xDC.Domain", "Libraries\xDC.Domain\xDC.Domain.csproj", "{EFEF74C6-2D1F-4D4B-A185-95290133C42D}"
EndProject
Project("{FAE04EC0-301F-11D3-BF4B-00C04F79EFBC}") = "xDC.Infrastructure", "Libraries\xDC.Infrastructure\xDC.Infrastructure.csproj", "{2672ED98-2D96-458E-B2CE-0488E163EB98}"
EndProject
Project("{FAE04EC0-301F-11D3-BF4B-00C04F79EFBC}") = "xDC.Utils", "Libraries\xDC.Utils\xDC.Utils.csproj", "{87FA4C9C-F3BF-4CD4-83F2-0BE4D31674E5}"
EndProject
Project("{FAE04EC0-301F-11D3-BF4B-00C04F79EFBC}") = "xDC.Web", "Presentation\xDC.Web\xDC.Web.csproj", "{2EC9C2B9-4657-4A3A-8484-14AC09BC11FA}"
EndProject
Project("{FAE04EC0-301F-11D3-BF4B-00C04F79EFBC}") = "xDC.Logging", "Libraries\xDC.Logging\xDC.Logging.csproj", "{6522DC6D-0BA9-4D84-944E-0127E120E3B1}"
EndProject
Project("{FAE04EC0-301F-11D3-BF4B-00C04F79EFBC}") = "xDC.Services", "Libraries\xDC.Services\xDC.Services.csproj", "{2743CD31-64AE-483D-8B52-02AE6F2550DC}"
EndProject
Project("{2150E333-8FDC-42A3-9474-1A3956D46DE8}") = "Trigger", "Trigger", "{D8DE35BD-BEF9-489C-9D91-6119E78743D6}"
	ProjectSection(SolutionItems) = preProject
		Database\Trigger\Audit_10AMDCO_ClosingBalance.sql = Database\Trigger\Audit_10AMDCO_ClosingBalance.sql
	EndProjectSection
EndProject
Global
	GlobalSection(SolutionConfigurationPlatforms) = preSolution
		Debug|Any CPU = Debug|Any CPU
		Release|Any CPU = Release|Any CPU
		UAT|Any CPU = UAT|Any CPU
	EndGlobalSection
	GlobalSection(ProjectConfigurationPlatforms) = postSolution
		{EFEF74C6-2D1F-4D4B-A185-95290133C42D}.Debug|Any CPU.ActiveCfg = Debug|Any CPU
		{EFEF74C6-2D1F-4D4B-A185-95290133C42D}.Debug|Any CPU.Build.0 = Debug|Any CPU
		{EFEF74C6-2D1F-4D4B-A185-95290133C42D}.Release|Any CPU.ActiveCfg = Release|Any CPU
		{EFEF74C6-2D1F-4D4B-A185-95290133C42D}.Release|Any CPU.Build.0 = Release|Any CPU
		{EFEF74C6-2D1F-4D4B-A185-95290133C42D}.UAT|Any CPU.ActiveCfg = UAT|Any CPU
		{EFEF74C6-2D1F-4D4B-A185-95290133C42D}.UAT|Any CPU.Build.0 = UAT|Any CPU
		{2672ED98-2D96-458E-B2CE-0488E163EB98}.Debug|Any CPU.ActiveCfg = Debug|Any CPU
		{2672ED98-2D96-458E-B2CE-0488E163EB98}.Debug|Any CPU.Build.0 = Debug|Any CPU
		{2672ED98-2D96-458E-B2CE-0488E163EB98}.Release|Any CPU.ActiveCfg = Release|Any CPU
		{2672ED98-2D96-458E-B2CE-0488E163EB98}.Release|Any CPU.Build.0 = Release|Any CPU
		{2672ED98-2D96-458E-B2CE-0488E163EB98}.UAT|Any CPU.ActiveCfg = UAT|Any CPU
		{2672ED98-2D96-458E-B2CE-0488E163EB98}.UAT|Any CPU.Build.0 = UAT|Any CPU
		{87FA4C9C-F3BF-4CD4-83F2-0BE4D31674E5}.Debug|Any CPU.ActiveCfg = Debug|Any CPU
		{87FA4C9C-F3BF-4CD4-83F2-0BE4D31674E5}.Debug|Any CPU.Build.0 = Debug|Any CPU
		{87FA4C9C-F3BF-4CD4-83F2-0BE4D31674E5}.Release|Any CPU.ActiveCfg = Release|Any CPU
		{87FA4C9C-F3BF-4CD4-83F2-0BE4D31674E5}.Release|Any CPU.Build.0 = Release|Any CPU
		{87FA4C9C-F3BF-4CD4-83F2-0BE4D31674E5}.UAT|Any CPU.ActiveCfg = UAT|Any CPU
		{87FA4C9C-F3BF-4CD4-83F2-0BE4D31674E5}.UAT|Any CPU.Build.0 = UAT|Any CPU
		{2EC9C2B9-4657-4A3A-8484-14AC09BC11FA}.Debug|Any CPU.ActiveCfg = Debug|Any CPU
		{2EC9C2B9-4657-4A3A-8484-14AC09BC11FA}.Debug|Any CPU.Build.0 = Debug|Any CPU
		{2EC9C2B9-4657-4A3A-8484-14AC09BC11FA}.Release|Any CPU.ActiveCfg = Release|Any CPU
		{2EC9C2B9-4657-4A3A-8484-14AC09BC11FA}.Release|Any CPU.Build.0 = Release|Any CPU
		{2EC9C2B9-4657-4A3A-8484-14AC09BC11FA}.UAT|Any CPU.ActiveCfg = UAT|Any CPU
		{2EC9C2B9-4657-4A3A-8484-14AC09BC11FA}.UAT|Any CPU.Build.0 = UAT|Any CPU
		{6522DC6D-0BA9-4D84-944E-0127E120E3B1}.Debug|Any CPU.ActiveCfg = Debug|Any CPU
		{6522DC6D-0BA9-4D84-944E-0127E120E3B1}.Debug|Any CPU.Build.0 = Debug|Any CPU
		{6522DC6D-0BA9-4D84-944E-0127E120E3B1}.Release|Any CPU.ActiveCfg = Release|Any CPU
		{6522DC6D-0BA9-4D84-944E-0127E120E3B1}.Release|Any CPU.Build.0 = Release|Any CPU
		{6522DC6D-0BA9-4D84-944E-0127E120E3B1}.UAT|Any CPU.ActiveCfg = UAT|Any CPU
		{6522DC6D-0BA9-4D84-944E-0127E120E3B1}.UAT|Any CPU.Build.0 = UAT|Any CPU
		{2743CD31-64AE-483D-8B52-02AE6F2550DC}.Debug|Any CPU.ActiveCfg = Debug|Any CPU
		{2743CD31-64AE-483D-8B52-02AE6F2550DC}.Debug|Any CPU.Build.0 = Debug|Any CPU
		{2743CD31-64AE-483D-8B52-02AE6F2550DC}.Release|Any CPU.ActiveCfg = Release|Any CPU
		{2743CD31-64AE-483D-8B52-02AE6F2550DC}.Release|Any CPU.Build.0 = Release|Any CPU
		{2743CD31-64AE-483D-8B52-02AE6F2550DC}.UAT|Any CPU.ActiveCfg = UAT|Any CPU
		{2743CD31-64AE-483D-8B52-02AE6F2550DC}.UAT|Any CPU.Build.0 = UAT|Any CPU
	EndGlobalSection
	GlobalSection(SolutionProperties) = preSolution
		HideSolutionNode = FALSE
	EndGlobalSection
	GlobalSection(NestedProjects) = preSolution
		{EFEF74C6-2D1F-4D4B-A185-95290133C42D} = {288D30C0-C4F9-4D78-BD96-15D52D9FEB14}
		{2672ED98-2D96-458E-B2CE-0488E163EB98} = {288D30C0-C4F9-4D78-BD96-15D52D9FEB14}
		{87FA4C9C-F3BF-4CD4-83F2-0BE4D31674E5} = {288D30C0-C4F9-4D78-BD96-15D52D9FEB14}
		{2EC9C2B9-4657-4A3A-8484-14AC09BC11FA} = {D82837EF-EEC1-4823-9684-DA51B9FDC489}
		{6522DC6D-0BA9-4D84-944E-0127E120E3B1} = {288D30C0-C4F9-4D78-BD96-15D52D9FEB14}
		{2743CD31-64AE-483D-8B52-02AE6F2550DC} = {288D30C0-C4F9-4D78-BD96-15D52D9FEB14}
		{D8DE35BD-BEF9-489C-9D91-6119E78743D6} = {7122A0F2-D963-4FF2-A899-44463EA526B5}
	EndGlobalSection
	GlobalSection(ExtensibilityGlobals) = postSolution
		SolutionGuid = {34EB544F-2415-4B65-AE15-70E167AB330D}
	EndGlobalSection
EndGlobal
